Microsoft Visual Studio Solution File, Format Version 12.00
# Visual Studio Version 17
VisualStudioVersion = 17.5.2.0
MinimumVisualStudioVersion = 10.0.40219.1
Project("{FAE04EC0-301F-11D3-BF4B-00C04F79EFBC}") = "tarea_s6", "tarea_s6\tarea_s6.csproj", "{093ED284-A5D1-C4CC-D7A7-84D474CBF05F}"
EndProject
Global
	GlobalSection(SolutionConfigurationPlatforms) = preSolution
		Debug|Any CPU = Debug|Any CPU
		Release|Any CPU = Release|Any CPU
	EndGlobalSection
	GlobalSection(ProjectConfigurationPlatforms) = postSolution
		{093ED284-A5D1-C4CC-D7A7-84D474CBF05F}.Debug|Any CPU.ActiveCfg = Debug|Any CPU
		{093ED284-A5D1-C4CC-D7A7-84D474CBF05F}.Debug|Any CPU.Build.0 = Debug|Any CPU
		{093ED284-A5D1-C4CC-D7A7-84D474CBF05F}.Release|Any CPU.ActiveCfg = Release|Any CPU
		{093ED284-A5D1-C4CC-D7A7-84D474CBF05F}.Release|Any CPU.Build.0 = Release|Any CPU
	EndGlobalSection
	GlobalSection(SolutionProperties) = preSolution
		HideSolutionNode = FALSE
	EndGlobalSection
	GlobalSection(ExtensibilityGlobals) = postSolution
		SolutionGuid = {02A4DDCA-8CBF-4511-80EC-7D75F899364D}
	EndGlobalSection
EndGlobal
